{
    "requires": true,
    "lockfileVersion": 1,
    "dependencies": {
        "@babel/runtime": {
            "version": "7.5.5",
            "resolved": "https://registry.npm.taobao.org/@babel/runtime/download/@babel/runtime-7.5.5.tgz",
            "integrity": "sha1-dPulbTXvvspEQJHHhQzNSU/S8TI=",
            "requires": {
                "regenerator-runtime": "^0.13.2"
            }
        },
        "@videojs/http-streaming": {
            "version": "1.10.3",
            "resolved": "https://registry.npm.taobao.org/@videojs/http-streaming/download/@videojs/http-streaming-1.10.3.tgz",
            "integrity": "sha1-DAKEQ7mjyW2oXlmVdI7ZQoCIRYQ=",
            "requires": {
                "aes-decrypter": "3.0.0",
                "global": "^4.3.0",
                "m3u8-parser": "4.3.0",
                "mpd-parser": "0.8.1",
                "mux.js": "5.1.3",
                "url-toolkit": "^2.1.3",
                "video.js": "^6.8.0 || ^7.0.0"
            }
        },
        "aes-decrypter": {
            "version": "3.0.0",
            "resolved": "https://registry.npm.taobao.org/aes-decrypter/download/aes-decrypter-3.0.0.tgz",
            "integrity": "sha1-eEihwUW5/b9Xrj4rWxvHzwZEqPs=",
            "requires": {
                "commander": "^2.9.0",
                "global": "^4.3.2",
                "pkcs7": "^1.0.2"
            }
        },
        "ansi-styles": {
            "version": "3.2.1",
            "resolved": "https://registry.npm.taobao.org/ansi-styles/download/ansi-styles-3.2.1.tgz",
            "integrity": "sha1-QfuyAkPlCxK+DwS43tvwdSDOhB0=",
            "dev": true,
            "requires": {
                "color-convert": "^1.9.0"
            }
        },
        "chalk": {
            "version": "2.4.2",
            "resolved": "http://registry.npm.taobao.org/chalk/download/chalk-2.4.2.tgz?cache=0&other_urls=http%3A%2F%2Fregistry.npm.taobao.org%2Fchalk%2Fdownload%2Fchalk-2.4.2.tgz",
            "integrity": "sha1-zUJUFnelQzPPVBpJEIwUMrRMlCQ=",
            "dev": true,
            "requires": {
                "ansi-styles": "^3.2.1",
                "escape-string-regexp": "^1.0.5",
                "supports-color": "^5.3.0"
            },
            "dependencies": {
                "supports-color": {
                    "version": "5.5.0",
                    "resolved": "https://registry.npm.taobao.org/supports-color/download/supports-color-5.5.0.tgz",
                    "integrity": "sha1-4uaaRKyHcveKHsCzW2id9lMO/I8=",
                    "dev": true,
                    "requires": {
                        "has-flag": "^3.0.0"
                    }
                }
            }
        },
        "color-convert": {
            "version": "1.9.3",
            "resolved": "https://registry.npm.taobao.org/color-convert/download/color-convert-1.9.3.tgz",
            "integrity": "sha1-u3GFBpDh8TZWfeYp0tVHHe2kweg=",
            "dev": true,
            "requires": {
                "color-name": "1.1.3"
            }
        },
        "color-name": {
            "version": "1.1.3",
            "resolved": "http://registry.npm.taobao.org/color-name/download/color-name-1.1.3.tgz",
            "integrity": "sha1-p9BVi9icQveV3UIyj3QIMcpTvCU=",
            "dev": true
        },
        "commander": {
            "version": "2.20.0",
            "resolved": "https://registry.npm.taobao.org/commander/download/commander-2.20.0.tgz",
            "integrity": "sha1-1YuytcHuj4ew00ACfp6U4iLFpCI="
        },
        "define-properties": {
            "version": "1.1.3",
            "resolved": "http://registry.npm.taobao.org/define-properties/download/define-properties-1.1.3.tgz",
            "integrity": "sha1-z4jabL7ib+bbcJT2HYcMvYTO6fE=",
            "requires": {
                "object-keys": "^1.0.12"
            }
        },
        "dom-walk": {
            "version": "0.1.1",
            "resolved": "https://registry.npm.taobao.org/dom-walk/download/dom-walk-0.1.1.tgz",
            "integrity": "sha1-ZyIm3HTI95mtNTB9+TaroRrNYBg="
        },
        "es-abstract": {
            "version": "1.13.0",
            "resolved": "http://registry.npm.taobao.org/es-abstract/download/es-abstract-1.13.0.tgz",
            "integrity": "sha1-rIYUX91QmdjdSVWMy6Lq+biOJOk=",
            "requires": {
                "es-to-primitive": "^1.2.0",
                "function-bind": "^1.1.1",
                "has": "^1.0.3",
                "is-callable": "^1.1.4",
                "is-regex": "^1.0.4",
                "object-keys": "^1.0.12"
            }
        },
        "es-to-primitive": {
            "version": "1.2.0",
            "resolved": "http://registry.npm.taobao.org/es-to-primitive/download/es-to-primitive-1.2.0.tgz",
            "integrity": "sha1-7fckeAM0VujdqO8J4ArZZQcH83c=",
            "requires": {
                "is-callable": "^1.1.4",
                "is-date-object": "^1.0.1",
                "is-symbol": "^1.0.2"
            }
        },
        "escape-string-regexp": {
            "version": "1.0.5",
            "resolved": "https://registry.npm.taobao.org/escape-string-regexp/download/escape-string-regexp-1.0.5.tgz",
            "integrity": "sha1-G2HAViGQqN/2rjuyzwIAyhMLhtQ=",
            "dev": true
        },
        "for-each": {
            "version": "0.3.3",
            "resolved": "https://registry.npm.taobao.org/for-each/download/for-each-0.3.3.tgz",
            "integrity": "sha1-abRH6IoKXTLD5whPPxcQA0shN24=",
            "requires": {
                "is-callable": "^1.1.3"
            }
        },
        "function-bind": {
            "version": "1.1.1",
            "resolved": "http://registry.npm.taobao.org/function-bind/download/function-bind-1.1.1.tgz",
            "integrity": "sha1-pWiZ0+o8m6uHS7l3O3xe3pL0iV0="
        },
        "global": {
            "version": "4.3.2",
            "resolved": "https://registry.npm.taobao.org/global/download/global-4.3.2.tgz",
            "integrity": "sha1-52mJJopsdMOJCLEwWxD8DjlOnQ8=",
            "requires": {
                "min-document": "^2.19.0",
                "process": "~0.5.1"
            }
        },
        "has": {
            "version": "1.0.3",
            "resolved": "http://registry.npm.taobao.org/has/download/has-1.0.3.tgz",
            "integrity": "sha1-ci18v8H2qoJB8W3YFOAR4fQeh5Y=",
            "requires": {
                "function-bind": "^1.1.1"
            }
        },
        "has-flag": {
            "version": "3.0.0",
            "resolved": "https://registry.npm.taobao.org/has-flag/download/has-flag-3.0.0.tgz",
            "integrity": "sha1-tdRU3CGZriJWmfNGfloH87lVuv0=",
            "dev": true
        },
        "has-symbols": {
            "version": "1.0.0",
            "resolved": "http://registry.npm.taobao.org/has-symbols/download/has-symbols-1.0.0.tgz",
            "integrity": "sha1-uhqPGvKg/DllD1yFA2dwQSIGO0Q="
        },
        "individual": {
            "version": "2.0.0",
            "resolved": "https://registry.npm.taobao.org/individual/download/individual-2.0.0.tgz",
            "integrity": "sha1-gzsJfa0jKU52EXqY+zjg2a1hu5c="
        },
        "is-callable": {
            "version": "1.1.4",
            "resolved": "http://registry.npm.taobao.org/is-callable/download/is-callable-1.1.4.tgz",
            "integrity": "sha1-HhrfIZ4e62hNaR+dagX/DTCiTXU="
        },
        "is-date-object": {
            "version": "1.0.1",
            "resolved": "http://registry.npm.taobao.org/is-date-object/download/is-date-object-1.0.1.tgz",
            "integrity": "sha1-mqIOtq7rv/d/vTPnTKAbM1gdOhY="
        },
        "is-function": {
            "version": "1.0.1",
            "resolved": "https://registry.npm.taobao.org/is-function/download/is-function-1.0.1.tgz",
            "integrity": "sha1-Es+5i2W1fdPRk6MSH19uL0N2ArU="
        },
        "is-regex": {
            "version": "1.0.4",
            "resolved": "http://registry.npm.taobao.org/is-regex/download/is-regex-1.0.4.tgz",
            "integrity": "sha1-VRdIm1RwkbCTDglWVM7SXul+lJE=",
            "requires": {
                "has": "^1.0.1"
            }
        },
        "is-symbol": {
            "version": "1.0.2",
            "resolved": "http://registry.npm.taobao.org/is-symbol/download/is-symbol-1.0.2.tgz",
            "integrity": "sha1-oFX2rlcZLK7jKeeoYBGLSXqVDzg=",
            "requires": {
                "has-symbols": "^1.0.0"
            }
        },
        "keycode": {
            "version": "2.2.0",
            "resolved": "https://registry.npm.taobao.org/keycode/download/keycode-2.2.0.tgz",
            "integrity": "sha1-PQr1bce4uOXLqNCpfxByBO7CKwQ="
        },
        "m3u8-parser": {
            "version": "4.3.0",
            "resolved": "https://registry.npm.taobao.org/m3u8-parser/download/m3u8-parser-4.3.0.tgz",
            "integrity": "sha1-S06Yj4e22LJAHSCaHRd5goWp2gQ=",
            "requires": {
                "global": "^4.3.2"
            }
        },
        "min-document": {
            "version": "2.19.0",
            "resolved": "https://registry.npm.taobao.org/min-document/download/min-document-2.19.0.tgz",
            "integrity": "sha1-e9KC4/WELtKVu3SM3Z8f+iyCRoU=",
            "requires": {
                "dom-walk": "^0.1.0"
            }
        },
        "mpd-parser": {
            "version": "0.8.1",
            "resolved": "https://registry.npm.taobao.org/mpd-parser/download/mpd-parser-0.8.1.tgz",
            "integrity": "sha1-2ymdvsM3mZ+7us6YnSJ8ewPcjqc=",
            "requires": {
                "global": "^4.3.2",
                "url-toolkit": "^2.1.1"
            }
        },
        "mux.js": {
            "version": "5.1.3",
            "resolved": "https://registry.npm.taobao.org/mux.js/download/mux.js-5.1.3.tgz",
            "integrity": "sha1-Glm4l5pngL5by2OYPH6IPJDNYVs="
        },
        "object-keys": {
            "version": "1.1.1",
            "resolved": "https://registry.npm.taobao.org/object-keys/download/object-keys-1.1.1.tgz",
            "integrity": "sha1-HEfyct8nfzsdrwYWd9nILiMixg4="
        },
        "parse-headers": {
            "version": "2.0.2",
            "resolved": "https://registry.npm.taobao.org/parse-headers/download/parse-headers-2.0.2.tgz",
            "integrity": "sha1-lUXopMGuXq6n0kmSvKiQKB7SbjQ=",
            "requires": {
                "for-each": "^0.3.3",
                "string.prototype.trim": "^1.1.2"
            }
        },
        "pkcs7": {
            "version": "1.0.2",
            "resolved": "https://registry.npm.taobao.org/pkcs7/download/pkcs7-1.0.2.tgz",
            "integrity": "sha1-ttulJ1KMKUK/wSLOLa/NteWQdOc="
        },
        "postcss": {
            "version": "7.0.17",
            "resolved": "https://registry.npm.taobao.org/postcss/download/postcss-7.0.17.tgz",
            "integrity": "sha1-TaG9/1Mi1KCsqrTYfz54JDa60x8=",
            "dev": true,
            "requires": {
                "chalk": "^2.4.2",
                "source-map": "^0.6.1",
                "supports-color": "^6.1.0"
            }
        },
        "postcss-nesting": {
            "version": "7.0.1",
            "resolved": "https://registry.npm.taobao.org/postcss-nesting/download/postcss-nesting-7.0.1.tgz?cache=0&sync_timestamp=1564405309617&other_urls=https%3A%2F%2Fregistry.npm.taobao.org%2Fpostcss-nesting%2Fdownload%2Fpostcss-nesting-7.0.1.tgz",
            "integrity": "sha1-tQrXt/AXPlteOIDDUBNEcD4EwFI=",
            "dev": true,
            "requires": {
                "postcss": "^7.0.2"
            }
        },
        "process": {
            "version": "0.5.2",
            "resolved": "http://registry.npm.taobao.org/process/download/process-0.5.2.tgz",
            "integrity": "sha1-FjjYqONML0QKkduVq5rrZ3/Bhc8="
        },
        "regenerator-runtime": {
            "version": "0.13.3",
            "resolved": "https://registry.npm.taobao.org/regenerator-runtime/download/regenerator-runtime-0.13.3.tgz",
            "integrity": "sha1-fPanfY9cb2Drc8X8GVWyzrAea/U="
        },
        "rust-result": {
            "version": "1.0.0",
            "resolved": "https://registry.npm.taobao.org/rust-result/download/rust-result-1.0.0.tgz",
            "integrity": "sha1-NMdbLm3Dn+WHXlveyFteD5FTb3I=",
            "requires": {
                "individual": "^2.0.0"
            }
        },
        "safe-json-parse": {
            "version": "4.0.0",
            "resolved": "https://registry.npm.taobao.org/safe-json-parse/download/safe-json-parse-4.0.0.tgz",
            "integrity": "sha1-fA9XjPzNEtM6ccDgVBPi7KFx6qw=",
            "requires": {
                "rust-result": "^1.0.0"
            }
        },
        "source-map": {
            "version": "0.6.1",
            "resolved": "http://registry.npm.taobao.org/source-map/download/source-map-0.6.1.tgz",
            "integrity": "sha1-dHIq8y6WFOnCh6jQu95IteLxomM=",
            "dev": true
        },
        "string.prototype.trim": {
            "version": "1.2.0",
            "resolved": "https://registry.npm.taobao.org/string.prototype.trim/download/string.prototype.trim-1.2.0.tgz?cache=0&sync_timestamp=1563993185027&other_urls=https%3A%2F%2Fregistry.npm.taobao.org%2Fstring.prototype.trim%2Fdownload%2Fstring.prototype.trim-1.2.0.tgz",
            "integrity": "sha1-dacpsQz8G+Q5VD2uRCEpRZzmHj0=",
            "requires": {
                "define-properties": "^1.1.3",
                "es-abstract": "^1.13.0",
                "function-bind": "^1.1.1"
            }
        },
        "supports-color": {
            "version": "6.1.0",
            "resolved": "https://registry.npm.taobao.org/supports-color/download/supports-color-6.1.0.tgz",
            "integrity": "sha1-B2Srxpxj1ayELdSGfo0CXogN+PM=",
            "dev": true,
            "requires": {
                "has-flag": "^3.0.0"
            }
        },
        "tsml": {
            "version": "1.0.1",
            "resolved": "https://registry.npm.taobao.org/tsml/download/tsml-1.0.1.tgz",
            "integrity": "sha1-ifghi52eJX9H1/a1bQHFpNLGj8M="
        },
        "url-toolkit": {
            "version": "2.1.6",
            "resolved": "https://registry.npm.taobao.org/url-toolkit/download/url-toolkit-2.1.6.tgz",
            "integrity": "sha1-bQMkZJnlGarSJMRARKSuIFRBVPI="
        },
        "video.js": {
            "version": "7.6.0",
            "resolved": "https://registry.npm.taobao.org/video.js/download/video.js-7.6.0.tgz",
            "integrity": "sha1-VWwVEATifTQL46cyoUv3war36LQ=",
            "requires": {
                "@babel/runtime": "^7.4.5",
                "@videojs/http-streaming": "1.10.3",
                "global": "4.3.2",
                "keycode": "^2.2.0",
                "safe-json-parse": "4.0.0",
                "tsml": "1.0.1",
                "videojs-font": "3.2.0",
                "videojs-vtt.js": "^0.14.1",
                "xhr": "2.4.0"
            }
        },
        "videojs-font": {
            "version": "3.2.0",
            "resolved": "https://registry.npm.taobao.org/videojs-font/download/videojs-font-3.2.0.tgz",
            "integrity": "sha1-ISydP05Ow/pzRRZ9ZDFq3TXpIjI="
        },
        "videojs-vtt.js": {
            "version": "0.14.1",
            "resolved": "https://registry.npm.taobao.org/videojs-vtt.js/download/videojs-vtt.js-0.14.1.tgz",
            "integrity": "sha1-2lg+sfycgcgmqUMrcGBA6N6kmRE=",
            "requires": {
                "global": "^4.3.1"
            }
        },
        "xhr": {
            "version": "2.4.0",
            "resolved": "https://registry.npm.taobao.org/xhr/download/xhr-2.4.0.tgz",
            "integrity": "sha1-4W5mpF+GmGHu76tBbV7/ci3ECZM=",
            "requires": {
                "global": "~4.3.0",
                "is-function": "^1.0.1",
                "parse-headers": "^2.0.0",
                "xtend": "^4.0.0"
            }
        },
        "xtend": {
            "version": "4.0.2",
            "resolved": "https://registry.npm.taobao.org/xtend/download/xtend-4.0.2.tgz",
            "integrity": "sha1-u3J3n1+kZRhrH0OPZ0+jR/2121Q="
        }
    }
}
